
Microsoft Visual Studio Solution File, Format Version 12.00
# Visual Studio Version 17
VisualStudioVersion = 17.11.35327.3
MinimumVisualStudioVersion = 10.0.40219.1
Project("{2150E333-8FDC-42A3-9474-1A3956D46DE8}") = "Services", "Services", "{CE594FB7-F8D9-4DD1-BDE4-0E2550454C29}"
EndProject
Project("{2150E333-8FDC-42A3-9474-1A3956D46DE8}") = "Catalog", "Catalog", "{70FD2F48-2080-426C-9113-2C66B869B0D3}"
EndProject
Project("{9A19103F-16F7-4668-BE54-9A1E7A4F7556}") = "MultiShop.Catalog", "Services\Catalog\MultiShop.Catalog\MultiShop.Catalog.csproj", "{7E7E2E30-E5D3-405C-B569-B7FFF8CF293C}"
EndProject
Project("{2150E333-8FDC-42A3-9474-1A3956D46DE8}") = "Discount", "Discount", "{91ADB310-298E-481A-8417-B59DA49D85F7}"
EndProject
Project("{9A19103F-16F7-4668-BE54-9A1E7A4F7556}") = "MultiShop.Discount", "Services\Discount\MultiShop.Discount\MultiShop.Discount.csproj", "{AB39D0F1-50E5-49E9-A757-5F282AB4BC26}"
EndProject
Project("{2150E333-8FDC-42A3-9474-1A3956D46DE8}") = "Order", "Order", "{C2C45E06-7A82-42C3-B1D7-B222F86DF9B3}"
EndProject
Project("{2150E333-8FDC-42A3-9474-1A3956D46DE8}") = "Core", "Core", "{E0C66218-F9FA-4021-B508-A688F025DD7B}"
EndProject
Project("{2150E333-8FDC-42A3-9474-1A3956D46DE8}") = "Presentation", "Presentation", "{678387AF-EAEE-4C8A-9F59-27DAB17EEC6A}"
EndProject
Project("{2150E333-8FDC-42A3-9474-1A3956D46DE8}") = "Infrastructure", "Infrastructure", "{B7990D25-46E9-4753-92B2-ABD77750494F}"
EndProject
Project("{FAE04EC0-301F-11D3-BF4B-00C04F79EFBC}") = "MultiShop.Order.Domain", "Services\Order\Core\MultiShop.Order.Domain\MultiShop.Order.Domain.csproj", "{E10DCA25-5605-444C-831C-86F96F1BAFE9}"
EndProject
Project("{FAE04EC0-301F-11D3-BF4B-00C04F79EFBC}") = "MultiShop.Order.Application", "Services\Order\Core\MultiShop.Order.Application\MultiShop.Order.Application.csproj", "{E1D5995E-57B5-4CF6-8F1D-B2201565810E}"
EndProject
Project("{FAE04EC0-301F-11D3-BF4B-00C04F79EFBC}") = "MultiShop.Order.Persistence", "Services\Order\Infrastructure\MultiShop.Order.Persistence\MultiShop.Order.Persistence.csproj", "{6E9C938E-D67B-4B82-A916-71C3C4DC8651}"
EndProject
Project("{FAE04EC0-301F-11D3-BF4B-00C04F79EFBC}") = "MutiShop.Order.WebApi", "Services\Order\Presentation\MutiShop.Order.WebApi\MutiShop.Order.WebApi.csproj", "{AB7E1D0E-E698-42A0-A8A4-1C17061B79F4}"
EndProject
Project("{2150E333-8FDC-42A3-9474-1A3956D46DE8}") = "IdentityServer", "IdentityServer", "{02EA681E-C7D8-13C7-8484-4AC65E1B71E8}"
EndProject
Project("{FAE04EC0-301F-11D3-BF4B-00C04F79EFBC}") = "MultiShop.IdentityServer", "IdentityServer\MultiShop.IdentityServer\MultiShop.IdentityServer.csproj", "{EA14094F-FB55-5ABC-1402-B4229C4AD0B1}"
EndProject
Project("{2150E333-8FDC-42A3-9474-1A3956D46DE8}") = "Cargo", "Cargo", "{D367CE44-2403-4A18-8C3B-8333272DFDD4}"
EndProject
Project("{FAE04EC0-301F-11D3-BF4B-00C04F79EFBC}") = "MultiShop.Cargo.EntityLayer", "Services\Cargo\MultiShop.Cargo.EntityLayer\MultiShop.Cargo.EntityLayer.csproj", "{BE999C51-ED58-4BC5-A9F0-C062BF50E6BE}"
EndProject
Project("{FAE04EC0-301F-11D3-BF4B-00C04F79EFBC}") = "MultiShop.Cargo.BusinessLayer", "Services\Cargo\MultiShop.Cargo.BusinessLayer\MultiShop.Cargo.BusinessLayer.csproj", "{EFD9C811-E04A-4913-A368-D21F8B47205C}"
EndProject
Project("{FAE04EC0-301F-11D3-BF4B-00C04F79EFBC}") = "MultiShop.Cargo.DataAccessLayer", "Services\Cargo\MultiShop.Cargo.DataAccessLayer\MultiShop.Cargo.DataAccessLayer.csproj", "{8423A10D-0C4D-4283-BF1C-219E9732A815}"
EndProject
Project("{FAE04EC0-301F-11D3-BF4B-00C04F79EFBC}") = "MultiShop.Cargo.DtoLayer", "Services\Cargo\MultiShop.Cargo.DtoLayer\MultiShop.Cargo.DtoLayer.csproj", "{6446B865-380F-4C43-B4C7-0B63C95ED31E}"
EndProject
Project("{FAE04EC0-301F-11D3-BF4B-00C04F79EFBC}") = "MultiShop.Cargo.WebApi", "Services\Cargo\MultiShop.Cargo.WebApi\MultiShop.Cargo.WebApi.csproj", "{D4EBA795-A029-41BF-9850-00E8586715D4}"
EndProject
Project("{2150E333-8FDC-42A3-9474-1A3956D46DE8}") = "Basket", "Basket", "{F8F2C871-991A-444F-9B22-92FA5807E0BE}"
EndProject
Project("{FAE04EC0-301F-11D3-BF4B-00C04F79EFBC}") = "MultiShop.Basket", "Services\Basket\MultiShop.Basket\MultiShop.Basket.csproj", "{6B12690B-DB47-4D52-93BE-92BC3895555F}"
EndProject
Project("{2150E333-8FDC-42A3-9474-1A3956D46DE8}") = "Frontends", "Frontends", "{0E867C0D-FD7C-4EFF-9CBE-F270CF3684F8}"
EndProject
Project("{FAE04EC0-301F-11D3-BF4B-00C04F79EFBC}") = "MultiShop.WebUI", "Frontends\MultiShop.WebUI\MultiShop.WebUI.csproj", "{6DADF445-769C-49A7-9749-9C839405EF0D}"
EndProject
Project("{FAE04EC0-301F-11D3-BF4B-00C04F79EFBC}") = "MultiShop.DtoLayer", "Frontends\MultiShop.DtoLayer\MultiShop.DtoLayer.csproj", "{243579AD-304D-48F0-AA35-A62B64E35D31}"
EndProject
Global
	GlobalSection(SolutionConfigurationPlatforms) = preSolution
		Debug|Any CPU = Debug|Any CPU
		Release|Any CPU = Release|Any CPU
	EndGlobalSection
	GlobalSection(ProjectConfigurationPlatforms) = postSolution
		{7E7E2E30-E5D3-405C-B569-B7FFF8CF293C}.Debug|Any CPU.ActiveCfg = Debug|Any CPU
		{7E7E2E30-E5D3-405C-B569-B7FFF8CF293C}.Debug|Any CPU.Build.0 = Debug|Any CPU
		{7E7E2E30-E5D3-405C-B569-B7FFF8CF293C}.Release|Any CPU.ActiveCfg = Release|Any CPU
		{7E7E2E30-E5D3-405C-B569-B7FFF8CF293C}.Release|Any CPU.Build.0 = Release|Any CPU
		{AB39D0F1-50E5-49E9-A757-5F282AB4BC26}.Debug|Any CPU.ActiveCfg = Debug|Any CPU
		{AB39D0F1-50E5-49E9-A757-5F282AB4BC26}.Debug|Any CPU.Build.0 = Debug|Any CPU
		{AB39D0F1-50E5-49E9-A757-5F282AB4BC26}.Release|Any CPU.ActiveCfg = Release|Any CPU
		{AB39D0F1-50E5-49E9-A757-5F282AB4BC26}.Release|Any CPU.Build.0 = Release|Any CPU
		{E10DCA25-5605-444C-831C-86F96F1BAFE9}.Debug|Any CPU.ActiveCfg = Debug|Any CPU
		{E10DCA25-5605-444C-831C-86F96F1BAFE9}.Debug|Any CPU.Build.0 = Debug|Any CPU
		{E10DCA25-5605-444C-831C-86F96F1BAFE9}.Release|Any CPU.ActiveCfg = Release|Any CPU
		{E10DCA25-5605-444C-831C-86F96F1BAFE9}.Release|Any CPU.Build.0 = Release|Any CPU
		{E1D5995E-57B5-4CF6-8F1D-B2201565810E}.Debug|Any CPU.ActiveCfg = Debug|Any CPU
		{E1D5995E-57B5-4CF6-8F1D-B2201565810E}.Debug|Any CPU.Build.0 = Debug|Any CPU
		{E1D5995E-57B5-4CF6-8F1D-B2201565810E}.Release|Any CPU.ActiveCfg = Release|Any CPU
		{E1D5995E-57B5-4CF6-8F1D-B2201565810E}.Release|Any CPU.Build.0 = Release|Any CPU
		{6E9C938E-D67B-4B82-A916-71C3C4DC8651}.Debug|Any CPU.ActiveCfg = Debug|Any CPU
		{6E9C938E-D67B-4B82-A916-71C3C4DC8651}.Debug|Any CPU.Build.0 = Debug|Any CPU
		{6E9C938E-D67B-4B82-A916-71C3C4DC8651}.Release|Any CPU.ActiveCfg = Release|Any CPU
		{6E9C938E-D67B-4B82-A916-71C3C4DC8651}.Release|Any CPU.Build.0 = Release|Any CPU
		{AB7E1D0E-E698-42A0-A8A4-1C17061B79F4}.Debug|Any CPU.ActiveCfg = Debug|Any CPU
		{AB7E1D0E-E698-42A0-A8A4-1C17061B79F4}.Debug|Any CPU.Build.0 = Debug|Any CPU
		{AB7E1D0E-E698-42A0-A8A4-1C17061B79F4}.Release|Any CPU.ActiveCfg = Release|Any CPU
		{AB7E1D0E-E698-42A0-A8A4-1C17061B79F4}.Release|Any CPU.Build.0 = Release|Any CPU
		{EA14094F-FB55-5ABC-1402-B4229C4AD0B1}.Debug|Any CPU.ActiveCfg = Debug|Any CPU
		{EA14094F-FB55-5ABC-1402-B4229C4AD0B1}.Debug|Any CPU.Build.0 = Debug|Any CPU
		{EA14094F-FB55-5ABC-1402-B4229C4AD0B1}.Release|Any CPU.ActiveCfg = Release|Any CPU
		{EA14094F-FB55-5ABC-1402-B4229C4AD0B1}.Release|Any CPU.Build.0 = Release|Any CPU
		{BE999C51-ED58-4BC5-A9F0-C062BF50E6BE}.Debug|Any CPU.ActiveCfg = Debug|Any CPU
		{BE999C51-ED58-4BC5-A9F0-C062BF50E6BE}.Debug|Any CPU.Build.0 = Debug|Any CPU
		{BE999C51-ED58-4BC5-A9F0-C062BF50E6BE}.Release|Any CPU.ActiveCfg = Release|Any CPU
		{BE999C51-ED58-4BC5-A9F0-C062BF50E6BE}.Release|Any CPU.Build.0 = Release|Any CPU
		{EFD9C811-E04A-4913-A368-D21F8B47205C}.Debug|Any CPU.ActiveCfg = Debug|Any CPU
		{EFD9C811-E04A-4913-A368-D21F8B47205C}.Debug|Any CPU.Build.0 = Debug|Any CPU
		{EFD9C811-E04A-4913-A368-D21F8B47205C}.Release|Any CPU.ActiveCfg = Release|Any CPU
		{EFD9C811-E04A-4913-A368-D21F8B47205C}.Release|Any CPU.Build.0 = Release|Any CPU
		{8423A10D-0C4D-4283-BF1C-219E9732A815}.Debug|Any CPU.ActiveCfg = Debug|Any CPU
		{8423A10D-0C4D-4283-BF1C-219E9732A815}.Debug|Any CPU.Build.0 = Debug|Any CPU
		{8423A10D-0C4D-4283-BF1C-219E9732A815}.Release|Any CPU.ActiveCfg = Release|Any CPU
		{8423A10D-0C4D-4283-BF1C-219E9732A815}.Release|Any CPU.Build.0 = Release|Any CPU
		{6446B865-380F-4C43-B4C7-0B63C95ED31E}.Debug|Any CPU.ActiveCfg = Debug|Any CPU
		{6446B865-380F-4C43-B4C7-0B63C95ED31E}.Debug|Any CPU.Build.0 = Debug|Any CPU
		{6446B865-380F-4C43-B4C7-0B63C95ED31E}.Release|Any CPU.ActiveCfg = Release|Any CPU
		{6446B865-380F-4C43-B4C7-0B63C95ED31E}.Release|Any CPU.Build.0 = Release|Any CPU
		{D4EBA795-A029-41BF-9850-00E8586715D4}.Debug|Any CPU.ActiveCfg = Debug|Any CPU
		{D4EBA795-A029-41BF-9850-00E8586715D4}.Debug|Any CPU.Build.0 = Debug|Any CPU
		{D4EBA795-A029-41BF-9850-00E8586715D4}.Release|Any CPU.ActiveCfg = Release|Any CPU
		{D4EBA795-A029-41BF-9850-00E8586715D4}.Release|Any CPU.Build.0 = Release|Any CPU
		{6B12690B-DB47-4D52-93BE-92BC3895555F}.Debug|Any CPU.ActiveCfg = Debug|Any CPU
		{6B12690B-DB47-4D52-93BE-92BC3895555F}.Debug|Any CPU.Build.0 = Debug|Any CPU
		{6B12690B-DB47-4D52-93BE-92BC3895555F}.Release|Any CPU.ActiveCfg = Release|Any CPU
		{6B12690B-DB47-4D52-93BE-92BC3895555F}.Release|Any CPU.Build.0 = Release|Any CPU
		{6DADF445-769C-49A7-9749-9C839405EF0D}.Debug|Any CPU.ActiveCfg = Debug|Any CPU
		{6DADF445-769C-49A7-9749-9C839405EF0D}.Debug|Any CPU.Build.0 = Debug|Any CPU
		{6DADF445-769C-49A7-9749-9C839405EF0D}.Release|Any CPU.ActiveCfg = Release|Any CPU
		{6DADF445-769C-49A7-9749-9C839405EF0D}.Release|Any CPU.Build.0 = Release|Any CPU
		{243579AD-304D-48F0-AA35-A62B64E35D31}.Debug|Any CPU.ActiveCfg = Debug|Any CPU
		{243579AD-304D-48F0-AA35-A62B64E35D31}.Debug|Any CPU.Build.0 = Debug|Any CPU
		{243579AD-304D-48F0-AA35-A62B64E35D31}.Release|Any CPU.ActiveCfg = Release|Any CPU
		{243579AD-304D-48F0-AA35-A62B64E35D31}.Release|Any CPU.Build.0 = Release|Any CPU
	EndGlobalSection
	GlobalSection(SolutionProperties) = preSolution
		HideSolutionNode = FALSE
	EndGlobalSection
	GlobalSection(NestedProjects) = preSolution
		{70FD2F48-2080-426C-9113-2C66B869B0D3} = {CE594FB7-F8D9-4DD1-BDE4-0E2550454C29}
		{7E7E2E30-E5D3-405C-B569-B7FFF8CF293C} = {70FD2F48-2080-426C-9113-2C66B869B0D3}
		{91ADB310-298E-481A-8417-B59DA49D85F7} = {CE594FB7-F8D9-4DD1-BDE4-0E2550454C29}
		{AB39D0F1-50E5-49E9-A757-5F282AB4BC26} = {91ADB310-298E-481A-8417-B59DA49D85F7}
		{C2C45E06-7A82-42C3-B1D7-B222F86DF9B3} = {CE594FB7-F8D9-4DD1-BDE4-0E2550454C29}
		{E0C66218-F9FA-4021-B508-A688F025DD7B} = {C2C45E06-7A82-42C3-B1D7-B222F86DF9B3}
		{678387AF-EAEE-4C8A-9F59-27DAB17EEC6A} = {C2C45E06-7A82-42C3-B1D7-B222F86DF9B3}
		{B7990D25-46E9-4753-92B2-ABD77750494F} = {C2C45E06-7A82-42C3-B1D7-B222F86DF9B3}
		{E10DCA25-5605-444C-831C-86F96F1BAFE9} = {E0C66218-F9FA-4021-B508-A688F025DD7B}
		{E1D5995E-57B5-4CF6-8F1D-B2201565810E} = {E0C66218-F9FA-4021-B508-A688F025DD7B}
		{6E9C938E-D67B-4B82-A916-71C3C4DC8651} = {B7990D25-46E9-4753-92B2-ABD77750494F}
		{AB7E1D0E-E698-42A0-A8A4-1C17061B79F4} = {678387AF-EAEE-4C8A-9F59-27DAB17EEC6A}
		{EA14094F-FB55-5ABC-1402-B4229C4AD0B1} = {02EA681E-C7D8-13C7-8484-4AC65E1B71E8}
		{D367CE44-2403-4A18-8C3B-8333272DFDD4} = {CE594FB7-F8D9-4DD1-BDE4-0E2550454C29}
		{BE999C51-ED58-4BC5-A9F0-C062BF50E6BE} = {D367CE44-2403-4A18-8C3B-8333272DFDD4}
		{EFD9C811-E04A-4913-A368-D21F8B47205C} = {D367CE44-2403-4A18-8C3B-8333272DFDD4}
		{8423A10D-0C4D-4283-BF1C-219E9732A815} = {D367CE44-2403-4A18-8C3B-8333272DFDD4}
		{6446B865-380F-4C43-B4C7-0B63C95ED31E} = {D367CE44-2403-4A18-8C3B-8333272DFDD4}
		{D4EBA795-A029-41BF-9850-00E8586715D4} = {D367CE44-2403-4A18-8C3B-8333272DFDD4}
		{F8F2C871-991A-444F-9B22-92FA5807E0BE} = {CE594FB7-F8D9-4DD1-BDE4-0E2550454C29}
		{6B12690B-DB47-4D52-93BE-92BC3895555F} = {F8F2C871-991A-444F-9B22-92FA5807E0BE}
		{6DADF445-769C-49A7-9749-9C839405EF0D} = {0E867C0D-FD7C-4EFF-9CBE-F270CF3684F8}
		{243579AD-304D-48F0-AA35-A62B64E35D31} = {0E867C0D-FD7C-4EFF-9CBE-F270CF3684F8}
	EndGlobalSection
	GlobalSection(ExtensibilityGlobals) = postSolution
		SolutionGuid = {478974AA-63CC-4019-A902-94410F6637D3}
	EndGlobalSection
EndGlobal
